
Microsoft Visual Studio Solution File, Format Version 12.00
# Visual Studio Version 17
VisualStudioVersion = 17.9.34728.123
MinimumVisualStudioVersion = 10.0.40219.1
Project("{FAE04EC0-301F-11D3-BF4B-00C04F79EFBC}") = "5by5-Fila_Dinamica", "5by5-Fila_Dinamica\5by5-Fila_Dinamica.csproj", "{529E8ADA-DD37-4470-9EAB-9D7DE80D1B14}"
EndProject
Global
	GlobalSection(SolutionConfigurationPlatforms) = preSolution
		Debug|Any CPU = Debug|Any CPU
		Release|Any CPU = Release|Any CPU
	EndGlobalSection
	GlobalSection(ProjectConfigurationPlatforms) = postSolution
		{529E8ADA-DD37-4470-9EAB-9D7DE80D1B14}.Debug|Any CPU.ActiveCfg = Debug|Any CPU
		{529E8ADA-DD37-4470-9EAB-9D7DE80D1B14}.Debug|Any CPU.Build.0 = Debug|Any CPU
		{529E8ADA-DD37-4470-9EAB-9D7DE80D1B14}.Release|Any CPU.ActiveCfg = Release|Any CPU
		{529E8ADA-DD37-4470-9EAB-9D7DE80D1B14}.Release|Any CPU.Build.0 = Release|Any CPU
	EndGlobalSection
	GlobalSection(SolutionProperties) = preSolution
		HideSolutionNode = FALSE
	EndGlobalSection
	GlobalSection(ExtensibilityGlobals) = postSolution
		SolutionGuid = {8D808ADB-2D0D-4C52-B837-3533E234DD18}
	EndGlobalSection
EndGlobal
